
Microsoft Visual Studio Solution File, Format Version 12.00
# Visual Studio Version 17
VisualStudioVersion = 17.4.33213.308
MinimumVisualStudioVersion = 10.0.40219.1
Project("{2150E333-8FDC-42A3-9474-1A3956D46DE8}") = "src", "src", "{59CF8DCF-727A-4849-98F1-5F353B8CE28F}"
EndProject
Project("{9A19103F-16F7-4668-BE54-9A1E7A4F7556}") = "Users.API", "src\Users.API\Users.API.csproj", "{9D90E3A5-4835-4BBC-9880-198905C18784}"
EndProject
Project("{9A19103F-16F7-4668-BE54-9A1E7A4F7556}") = "Users.ApplicationCore", "src\ApplicationCore\Users.ApplicationCore.csproj", "{F5BA69FD-95E2-4B36-B331-003B8514FDDA}"
EndProject
Project("{9A19103F-16F7-4668-BE54-9A1E7A4F7556}") = "Users.Infrastructure", "src\Users.Infrastructure\Users.Infrastructure.csproj", "{01FE57F5-739D-423E-A65D-B800788D5975}"
EndProject
Project("{2150E333-8FDC-42A3-9474-1A3956D46DE8}") = "BuildingBlocks", "BuildingBlocks", "{76FDF147-C69B-4444-929A-1872F6B75DEE}"
EndProject
Project("{9A19103F-16F7-4668-BE54-9A1E7A4F7556}") = "EventBus.Messages", "src\BuildingBlocks\EventBus.Messages\EventBus.Messages.csproj", "{8E82F8C2-B24D-48D8-987A-2EBEAA887663}"
EndProject
Project("{E53339B2-1760-4266-BCC7-CA923CBCF16C}") = "docker-compose", "docker-compose.dcproj", "{1FA482F5-EC91-4543-99E3-F7AD21C61B1C}"
EndProject
Project("{2150E333-8FDC-42A3-9474-1A3956D46DE8}") = "APIGateways", "APIGateways", "{6DCCF0AA-5037-466D-A5F2-BFB8E9B407DD}"
EndProject
Project("{9A19103F-16F7-4668-BE54-9A1E7A4F7556}") = "Users.Gateways", "src\ApiGateways\Users.Gateways\Users.Gateways.csproj", "{02E3ACB8-4560-4D41-8FED-A8399882A448}"
EndProject
Global
	GlobalSection(SolutionConfigurationPlatforms) = preSolution
		Debug|Any CPU = Debug|Any CPU
		Release|Any CPU = Release|Any CPU
	EndGlobalSection
	GlobalSection(ProjectConfigurationPlatforms) = postSolution
		{9D90E3A5-4835-4BBC-9880-198905C18784}.Debug|Any CPU.ActiveCfg = Debug|Any CPU
		{9D90E3A5-4835-4BBC-9880-198905C18784}.Debug|Any CPU.Build.0 = Debug|Any CPU
		{9D90E3A5-4835-4BBC-9880-198905C18784}.Release|Any CPU.ActiveCfg = Release|Any CPU
		{9D90E3A5-4835-4BBC-9880-198905C18784}.Release|Any CPU.Build.0 = Release|Any CPU
		{F5BA69FD-95E2-4B36-B331-003B8514FDDA}.Debug|Any CPU.ActiveCfg = Debug|Any CPU
		{F5BA69FD-95E2-4B36-B331-003B8514FDDA}.Debug|Any CPU.Build.0 = Debug|Any CPU
		{F5BA69FD-95E2-4B36-B331-003B8514FDDA}.Release|Any CPU.ActiveCfg = Release|Any CPU
		{F5BA69FD-95E2-4B36-B331-003B8514FDDA}.Release|Any CPU.Build.0 = Release|Any CPU
		{01FE57F5-739D-423E-A65D-B800788D5975}.Debug|Any CPU.ActiveCfg = Debug|Any CPU
		{01FE57F5-739D-423E-A65D-B800788D5975}.Debug|Any CPU.Build.0 = Debug|Any CPU
		{01FE57F5-739D-423E-A65D-B800788D5975}.Release|Any CPU.ActiveCfg = Release|Any CPU
		{01FE57F5-739D-423E-A65D-B800788D5975}.Release|Any CPU.Build.0 = Release|Any CPU
		{8E82F8C2-B24D-48D8-987A-2EBEAA887663}.Debug|Any CPU.ActiveCfg = Debug|Any CPU
		{8E82F8C2-B24D-48D8-987A-2EBEAA887663}.Debug|Any CPU.Build.0 = Debug|Any CPU
		{8E82F8C2-B24D-48D8-987A-2EBEAA887663}.Release|Any CPU.ActiveCfg = Release|Any CPU
		{8E82F8C2-B24D-48D8-987A-2EBEAA887663}.Release|Any CPU.Build.0 = Release|Any CPU
		{1FA482F5-EC91-4543-99E3-F7AD21C61B1C}.Debug|Any CPU.ActiveCfg = Debug|Any CPU
		{1FA482F5-EC91-4543-99E3-F7AD21C61B1C}.Debug|Any CPU.Build.0 = Debug|Any CPU
		{1FA482F5-EC91-4543-99E3-F7AD21C61B1C}.Release|Any CPU.ActiveCfg = Release|Any CPU
		{1FA482F5-EC91-4543-99E3-F7AD21C61B1C}.Release|Any CPU.Build.0 = Release|Any CPU
		{02E3ACB8-4560-4D41-8FED-A8399882A448}.Debug|Any CPU.ActiveCfg = Debug|Any CPU
		{02E3ACB8-4560-4D41-8FED-A8399882A448}.Debug|Any CPU.Build.0 = Debug|Any CPU
		{02E3ACB8-4560-4D41-8FED-A8399882A448}.Release|Any CPU.ActiveCfg = Release|Any CPU
		{02E3ACB8-4560-4D41-8FED-A8399882A448}.Release|Any CPU.Build.0 = Release|Any CPU
	EndGlobalSection
	GlobalSection(SolutionProperties) = preSolution
		HideSolutionNode = FALSE
	EndGlobalSection
	GlobalSection(NestedProjects) = preSolution
		{9D90E3A5-4835-4BBC-9880-198905C18784} = {59CF8DCF-727A-4849-98F1-5F353B8CE28F}
		{F5BA69FD-95E2-4B36-B331-003B8514FDDA} = {59CF8DCF-727A-4849-98F1-5F353B8CE28F}
		{01FE57F5-739D-423E-A65D-B800788D5975} = {59CF8DCF-727A-4849-98F1-5F353B8CE28F}
		{76FDF147-C69B-4444-929A-1872F6B75DEE} = {59CF8DCF-727A-4849-98F1-5F353B8CE28F}
		{8E82F8C2-B24D-48D8-987A-2EBEAA887663} = {76FDF147-C69B-4444-929A-1872F6B75DEE}
		{6DCCF0AA-5037-466D-A5F2-BFB8E9B407DD} = {59CF8DCF-727A-4849-98F1-5F353B8CE28F}
		{02E3ACB8-4560-4D41-8FED-A8399882A448} = {6DCCF0AA-5037-466D-A5F2-BFB8E9B407DD}
	EndGlobalSection
	GlobalSection(ExtensibilityGlobals) = postSolution
		SolutionGuid = {2F17B610-A458-4C6D-91AC-FB2088B2FF8B}
	EndGlobalSection
EndGlobal
